// !$*UTF8*$!
{
	archiveVersion = 1;
	classes = {
	};
	objectVersion = 77;
	objects = {

/* Begin PBXBuildFile section */
		079B8626879A84D540D0BEC1 /* RestaurantBadge.swift in Sources */ = {isa = PBXBuildFile; fileRef = F0EE30085C2D0AFC8815D6DE /* RestaurantBadge.swift */; };
		07BC9C015AEEEE3CA9AA0E60 /* ContentView.swift in Sources */ = {isa = PBXBuildFile; fileRef = F60F2B78AEE90176C4D6A43E /* ContentView.swift */; };
		14699A29B5610DADAEBC4BD5 /* RestaurantFinder.swift in Sources */ = {isa = PBXBuildFile; fileRef = 8720E2DE0E07FEA3EEB15DC2 /* RestaurantFinder.swift */; };
		1CD11C32A422729DD66046A0 /* DistanceReadout.swift in Sources */ = {isa = PBXBuildFile; fileRef = 55A9FB4CDC767468D39D8459 /* DistanceReadout.swift */; };
		2F9BD9DE48D2BC8193EF919D /* Typography.swift in Sources */ = {isa = PBXBuildFile; fileRef = 43968E6C35BB6209D3C0B789 /* Typography.swift */; };
		3262EFAE032D0CDB4F846CE6 /* Assets.xcassets in Resources */ = {isa = PBXBuildFile; fileRef = CF3880DDDA588ECE4BE02922 /* Assets.xcassets */; };
		41DD4D5D2CDB625EDA6727BB /* Colors.swift in Sources */ = {isa = PBXBuildFile; fileRef = D9F923A96838FE6B14F73C19 /* Colors.swift */; };
		63C2B71E44AD3A2864A9E055 /* StatusMessage.swift in Sources */ = {isa = PBXBuildFile; fileRef = 3ADC4FECEB5A6C04BC9BF20B /* StatusMessage.swift */; };
		6F14ACA7D6273411E131AE12 /* CompassArrow.swift in Sources */ = {isa = PBXBuildFile; fileRef = EB2FA6E0ED506DD7BABCCBDC /* CompassArrow.swift */; };
		70A732F50182073B7857239A /* SpeechBubble.swift in Sources */ = {isa = PBXBuildFile; fileRef = 56480F3E7BDC4B9E7F41BED9 /* SpeechBubble.swift */; };
		8DB8D45DCE9D8643F06756BB /* LocationManager.swift in Sources */ = {isa = PBXBuildFile; fileRef = FE4CAC3351B255401FEB0800 /* LocationManager.swift */; };
		AA26E17C15AB25084774ADDE /* ZumGriechenApp.swift in Sources */ = {isa = PBXBuildFile; fileRef = B19F2A8A52636D46FF68995B /* ZumGriechenApp.swift */; };
		AE5A8213A2EAFFC9A0298025 /* Geo.swift in Sources */ = {isa = PBXBuildFile; fileRef = 729C5C33A7E4C1424C1AED32 /* Geo.swift */; };
		C7009CA0F03193AF8501FF5E /* OFL-Bangers.txt in Resources */ = {isa = PBXBuildFile; fileRef = BF44F9C8BA49472F35A2E85A /* OFL-Bangers.txt */; };
		C74667AA3A557FDC7E4A3BAB /* Bangers-Regular.ttf in Resources */ = {isa = PBXBuildFile; fileRef = E211747E366538EC198B7AF1 /* Bangers-Regular.ttf */; };
		D15DBA6B687FC32A0BD07253 /* Metrics.swift in Sources */ = {isa = PBXBuildFile; fileRef = 55D035DF3F16E4B475C63829 /* Metrics.swift */; };
		D4D2B1DA3D4E681192E89355 /* Fredoka-Variable.ttf in Resources */ = {isa = PBXBuildFile; fileRef = C81612140F08BDCEAF37948A /* Fredoka-Variable.ttf */; };
		DE068373B90EFCD69AB50F54 /* GreekManIllustration.swift in Sources */ = {isa = PBXBuildFile; fileRef = 801E05D508DDC73EC9041656 /* GreekManIllustration.swift */; };
		F498F30E631D7A39EAF86C8C /* OFL-Fredoka.txt in Resources */ = {isa = PBXBuildFile; fileRef = 70F8B4079B71AFA8412C3F0C /* OFL-Fredoka.txt */; };
		F675965ACB7C6A5E7D1F4998 /* AppBackground.swift in Sources */ = {isa = PBXBuildFile; fileRef = A92260767C724238A6A40030 /* AppBackground.swift */; };
/* End PBXBuildFile section */

/* Begin PBXFileReference section */
		3ADC4FECEB5A6C04BC9BF20B /* StatusMessage.swift */ = {isa = PBXFileReference; lastKnownFileType = sourcecode.swift; path = StatusMessage.swift; sourceTree = "<group>"; };
		43968E6C35BB6209D3C0B789 /* Typography.swift */ = {isa = PBXFileReference; lastKnownFileType = sourcecode.swift; path = Typography.swift; sourceTree = "<group>"; };
		55A9FB4CDC767468D39D8459 /* DistanceReadout.swift */ = {isa = PBXFileReference; lastKnownFileType = sourcecode.swift; path = DistanceReadout.swift; sourceTree = "<group>"; };
		55D035DF3F16E4B475C63829 /* Metrics.swift */ = {isa = PBXFileReference; lastKnownFileType = sourcecode.swift; path = Metrics.swift; sourceTree = "<group>"; };
		56480F3E7BDC4B9E7F41BED9 /* SpeechBubble.swift */ = {isa = PBXFileReference; lastKnownFileType = sourcecode.swift; path = SpeechBubble.swift; sourceTree = "<group>"; };
		70F8B4079B71AFA8412C3F0C /* OFL-Fredoka.txt */ = {isa = PBXFileReference; lastKnownFileType = text; path = "OFL-Fredoka.txt"; sourceTree = "<group>"; };
		729C5C33A7E4C1424C1AED32 /* Geo.swift */ = {isa = PBXFileReference; lastKnownFileType = sourcecode.swift; path = Geo.swift; sourceTree = "<group>"; };
		801E05D508DDC73EC9041656 /* GreekManIllustration.swift */ = {isa = PBXFileReference; lastKnownFileType = sourcecode.swift; path = GreekManIllustration.swift; sourceTree = "<group>"; };
		8720E2DE0E07FEA3EEB15DC2 /* RestaurantFinder.swift */ = {isa = PBXFileReference; lastKnownFileType = sourcecode.swift; path = RestaurantFinder.swift; sourceTree = "<group>"; };
		A92260767C724238A6A40030 /* AppBackground.swift */ = {isa = PBXFileReference; lastKnownFileType = sourcecode.swift; path = AppBackground.swift; sourceTree = "<group>"; };
		AA78FD408EE9D3A91FD0E72D /* ZumGriechen.app */ = {isa = PBXFileReference; includeInIndex = 0; lastKnownFileType = wrapper.application; path = ZumGriechen.app; sourceTree = BUILT_PRODUCTS_DIR; };
		B19F2A8A52636D46FF68995B /* ZumGriechenApp.swift */ = {isa = PBXFileReference; lastKnownFileType = sourcecode.swift; path = ZumGriechenApp.swift; sourceTree = "<group>"; };
		BF44F9C8BA49472F35A2E85A /* OFL-Bangers.txt */ = {isa = PBXFileReference; lastKnownFileType = text; path = "OFL-Bangers.txt"; sourceTree = "<group>"; };
		C2C7232F409C21FBA63C4FB7 /* Info.plist */ = {isa = PBXFileReference; lastKnownFileType = text.plist; path = Info.plist; sourceTree = "<group>"; };
		C81612140F08BDCEAF37948A /* Fredoka-Variable.ttf */ = {isa = PBXFileReference; lastKnownFileType = file; path = "Fredoka-Variable.ttf"; sourceTree = "<group>"; };
		CF3880DDDA588ECE4BE02922 /* Assets.xcassets */ = {isa = PBXFileReference; lastKnownFileType = folder.assetcatalog; path = Assets.xcassets; sourceTree = "<group>"; };
		D9F923A96838FE6B14F73C19 /* Colors.swift */ = {isa = PBXFileReference; lastKnownFileType = sourcecode.swift; path = Colors.swift; sourceTree = "<group>"; };
		E211747E366538EC198B7AF1 /* Bangers-Regular.ttf */ = {isa = PBXFileReference; lastKnownFileType = file; path = "Bangers-Regular.ttf"; sourceTree = "<group>"; };
		EB2FA6E0ED506DD7BABCCBDC /* CompassArrow.swift */ = {isa = PBXFileReference; lastKnownFileType = sourcecode.swift; path = CompassArrow.swift; sourceTree = "<group>"; };
		F0EE30085C2D0AFC8815D6DE /* RestaurantBadge.swift */ = {isa = PBXFileReference; lastKnownFileType = sourcecode.swift; path = RestaurantBadge.swift; sourceTree = "<group>"; };
		F60F2B78AEE90176C4D6A43E /* ContentView.swift */ = {isa = PBXFileReference; lastKnownFileType = sourcecode.swift; path = ContentView.swift; sourceTree = "<group>"; };
		FE4CAC3351B255401FEB0800 /* LocationManager.swift */ = {isa = PBXFileReference; lastKnownFileType = sourcecode.swift; path = LocationManager.swift; sourceTree = "<group>"; };
/* End PBXFileReference section */

/* Begin PBXGroup section */
		0B1FD25C2C871850C8D8801B /* Resources */ = {
			isa = PBXGroup;
			children = (
				CF3880DDDA588ECE4BE02922 /* Assets.xcassets */,
				D6887D062A3FE46C54124B7A /* Fonts */,
			);
			name = Resources;
			path = ZumGriechen/Resources;
			sourceTree = "<group>";
		};
		0ED12E4F5BBD9410BF54E599 /* Products */ = {
			isa = PBXGroup;
			children = (
				AA78FD408EE9D3A91FD0E72D /* ZumGriechen.app */,
			);
			name = Products;
			sourceTree = "<group>";
		};
		472239E6176A4D58C4017BC7 /* Licenses */ = {
			isa = PBXGroup;
			children = (
				BF44F9C8BA49472F35A2E85A /* OFL-Bangers.txt */,
				70F8B4079B71AFA8412C3F0C /* OFL-Fredoka.txt */,
			);
			path = Licenses;
			sourceTree = "<group>";
		};
		51AE635C9D26D660F4139753 = {
			isa = PBXGroup;
			children = (
				0B1FD25C2C871850C8D8801B /* Resources */,
				FA8EBD5C35DB9CE779CAEF6C /* Sources */,
				0ED12E4F5BBD9410BF54E599 /* Products */,
			);
			sourceTree = "<group>";
		};
		57735B57F0D86C54487C4C85 /* Components */ = {
			isa = PBXGroup;
			children = (
				A92260767C724238A6A40030 /* AppBackground.swift */,
				EB2FA6E0ED506DD7BABCCBDC /* CompassArrow.swift */,
				55A9FB4CDC767468D39D8459 /* DistanceReadout.swift */,
				801E05D508DDC73EC9041656 /* GreekManIllustration.swift */,
				F0EE30085C2D0AFC8815D6DE /* RestaurantBadge.swift */,
				56480F3E7BDC4B9E7F41BED9 /* SpeechBubble.swift */,
				3ADC4FECEB5A6C04BC9BF20B /* StatusMessage.swift */,
			);
			path = Components;
			sourceTree = "<group>";
		};
		6A1447F8B18B7DCA766ACC5D /* DesignSystem */ = {
			isa = PBXGroup;
			children = (
				D9F923A96838FE6B14F73C19 /* Colors.swift */,
				55D035DF3F16E4B475C63829 /* Metrics.swift */,
				43968E6C35BB6209D3C0B789 /* Typography.swift */,
			);
			path = DesignSystem;
			sourceTree = "<group>";
		};
		D6887D062A3FE46C54124B7A /* Fonts */ = {
			isa = PBXGroup;
			children = (
				E211747E366538EC198B7AF1 /* Bangers-Regular.ttf */,
				C81612140F08BDCEAF37948A /* Fredoka-Variable.ttf */,
				472239E6176A4D58C4017BC7 /* Licenses */,
			);
			path = Fonts;
			sourceTree = "<group>";
		};
		FA8EBD5C35DB9CE779CAEF6C /* Sources */ = {
			isa = PBXGroup;
			children = (
				F60F2B78AEE90176C4D6A43E /* ContentView.swift */,
				729C5C33A7E4C1424C1AED32 /* Geo.swift */,
				C2C7232F409C21FBA63C4FB7 /* Info.plist */,
				FE4CAC3351B255401FEB0800 /* LocationManager.swift */,
				8720E2DE0E07FEA3EEB15DC2 /* RestaurantFinder.swift */,
				B19F2A8A52636D46FF68995B /* ZumGriechenApp.swift */,
				57735B57F0D86C54487C4C85 /* Components */,
				6A1447F8B18B7DCA766ACC5D /* DesignSystem */,
			);
			name = Sources;
			path = ZumGriechen/Sources;
			sourceTree = "<group>";
		};
/* End PBXGroup section */

/* Begin PBXNativeTarget section */
		C804D6137356F396969B8419 /* ZumGriechen */ = {
			isa = PBXNativeTarget;
			buildConfigurationList = 11C1ED4E018D8F7C0A10B661 /* Build configuration list for PBXNativeTarget "ZumGriechen" */;
			buildPhases = (
				B8070AB46CEBD273161AFE6F /* Sources */,
				1B0C3BCD0C283021E9D5931A /* Resources */,
			);
			buildRules = (
			);
			dependencies = (
			);
			name = ZumGriechen;
			packageProductDependencies = (
			);
			productName = ZumGriechen;
			productReference = AA78FD408EE9D3A91FD0E72D /* ZumGriechen.app */;
			productType = "com.apple.product-type.application";
		};
/* End PBXNativeTarget section */

/* Begin PBXProject section */
		8B6E9B65EF70014F6ACB73D8 /* Project object */ = {
			isa = PBXProject;
			attributes = {
				BuildIndependentTargetsInParallel = YES;
				LastUpgradeCheck = 1430;
				TargetAttributes = {
				};
			};
			buildConfigurationList = 57E979F781097A72A6392DFE /* Build configuration list for PBXProject "ZumGriechen" */;
			developmentRegion = en;
			hasScannedForEncodings = 0;
			knownRegions = (
				Base,
				en,
			);
			mainGroup = 51AE635C9D26D660F4139753;
			minimizedProjectReferenceProxies = 1;
			preferredProjectObjectVersion = 77;
			productRefGroup = 0ED12E4F5BBD9410BF54E599 /* Products */;
			projectDirPath = "";
			projectRoot = "";
			targets = (
				C804D6137356F396969B8419 /* ZumGriechen */,
			);
		};
/* End PBXProject section */

/* Begin PBXResourcesBuildPhase section */
		1B0C3BCD0C283021E9D5931A /* Resources */ = {
			isa = PBXResourcesBuildPhase;
			buildActionMask = 2147483647;
			files = (
				3262EFAE032D0CDB4F846CE6 /* Assets.xcassets in Resources */,
				C74667AA3A557FDC7E4A3BAB /* Bangers-Regular.ttf in Resources */,
				D4D2B1DA3D4E681192E89355 /* Fredoka-Variable.ttf in Resources */,
				C7009CA0F03193AF8501FF5E /* OFL-Bangers.txt in Resources */,
				F498F30E631D7A39EAF86C8C /* OFL-Fredoka.txt in Resources */,
			);
			runOnlyForDeploymentPostprocessing = 0;
		};
/* End PBXResourcesBuildPhase section */

/* Begin PBXSourcesBuildPhase section */
		B8070AB46CEBD273161AFE6F /* Sources */ = {
			isa = PBXSourcesBuildPhase;
			buildActionMask = 2147483647;
			files = (
				F675965ACB7C6A5E7D1F4998 /* AppBackground.swift in Sources */,
				41DD4D5D2CDB625EDA6727BB /* Colors.swift in Sources */,
				6F14ACA7D6273411E131AE12 /* CompassArrow.swift in Sources */,
				07BC9C015AEEEE3CA9AA0E60 /* ContentView.swift in Sources */,
				1CD11C32A422729DD66046A0 /* DistanceReadout.swift in Sources */,
				AE5A8213A2EAFFC9A0298025 /* Geo.swift in Sources */,
				DE068373B90EFCD69AB50F54 /* GreekManIllustration.swift in Sources */,
				8DB8D45DCE9D8643F06756BB /* LocationManager.swift in Sources */,
				D15DBA6B687FC32A0BD07253 /* Metrics.swift in Sources */,
				079B8626879A84D540D0BEC1 /* RestaurantBadge.swift in Sources */,
				14699A29B5610DADAEBC4BD5 /* RestaurantFinder.swift in Sources */,
				70A732F50182073B7857239A /* SpeechBubble.swift in Sources */,
				63C2B71E44AD3A2864A9E055 /* StatusMessage.swift in Sources */,
				2F9BD9DE48D2BC8193EF919D /* Typography.swift in Sources */,
				AA26E17C15AB25084774ADDE /* ZumGriechenApp.swift in Sources */,
			);
			runOnlyForDeploymentPostprocessing = 0;
		};
/* End PBXSourcesBuildPhase section */

/* Begin XCBuildConfiguration section */
		3AC5DDDC48E043652734EF28 /* Release */ = {
			isa = XCBuildConfiguration;
			buildSettings = {
				ALWAYS_SEARCH_USER_PATHS = NO;
				CLANG_ANALYZER_NONNULL = YES;
				CLANG_ANALYZER_NUMBER_OBJECT_CONVERSION = YES_AGGRESSIVE;
				CLANG_CXX_LANGUAGE_STANDARD = "gnu++14";
				CLANG_CXX_LIBRARY = "libc++";
				CLANG_ENABLE_MODULES = YES;
				CLANG_ENABLE_OBJC_ARC = YES;
				CLANG_ENABLE_OBJC_WEAK = YES;
				CLANG_WARN_BLOCK_CAPTURE_AUTORELEASING = YES;
				CLANG_WARN_BOOL_CONVERSION = YES;
				CLANG_WARN_COMMA = YES;
				CLANG_WARN_CONSTANT_CONVERSION = YES;
				CLANG_WARN_DEPRECATED_OBJC_IMPLEMENTATIONS = YES;
				CLANG_WARN_DIRECT_OBJC_ISA_USAGE = YES_ERROR;
				CLANG_WARN_DOCUMENTATION_COMMENTS = YES;
				CLANG_WARN_EMPTY_BODY = YES;
				CLANG_WARN_ENUM_CONVERSION = YES;
				CLANG_WARN_INFINITE_RECURSION = YES;
				CLANG_WARN_INT_CONVERSION = YES;
				CLANG_WARN_NON_LITERAL_NULL_CONVERSION = YES;
				CLANG_WARN_OBJC_IMPLICIT_RETAIN_SELF = YES;
				CLANG_WARN_OBJC_LITERAL_CONVERSION = YES;
				CLANG_WARN_OBJC_ROOT_CLASS = YES_ERROR;
				CLANG_WARN_QUOTED_INCLUDE_IN_FRAMEWORK_HEADER = YES;
				CLANG_WARN_RANGE_LOOP_ANALYSIS = YES;
				CLANG_WARN_STRICT_PROTOTYPES = YES;
				CLANG_WARN_SUSPICIOUS_MOVE = YES;
				CLANG_WARN_UNGUARDED_AVAILABILITY = YES_AGGRESSIVE;
				CLANG_WARN_UNREACHABLE_CODE = YES;
				CLANG_WARN__DUPLICATE_METHOD_MATCH = YES;
				COPY_PHASE_STRIP = NO;
				DEBUG_INFORMATION_FORMAT = "dwarf-with-dsym";
				DEVELOPMENT_LANGUAGE = de;
				ENABLE_NS_ASSERTIONS = NO;
				ENABLE_STRICT_OBJC_MSGSEND = YES;
				GCC_C_LANGUAGE_STANDARD = gnu11;
				GCC_NO_COMMON_BLOCKS = YES;
				GCC_WARN_64_TO_32_BIT_CONVERSION = YES;
				GCC_WARN_ABOUT_RETURN_TYPE = YES_ERROR;
				GCC_WARN_UNDECLARED_SELECTOR = YES;
				GCC_WARN_UNINITIALIZED_AUTOS = YES_AGGRESSIVE;
				GCC_WARN_UNUSED_FUNCTION = YES;
				GCC_WARN_UNUSED_VARIABLE = YES;
				IPHONEOS_DEPLOYMENT_TARGET = 17.0;
				MTL_ENABLE_DEBUG_INFO = NO;
				MTL_FAST_MATH = YES;
				PRODUCT_NAME = "$(TARGET_NAME)";
				SDKROOT = iphoneos;
				SWIFT_COMPILATION_MODE = wholemodule;
				SWIFT_OPTIMIZATION_LEVEL = "-O";
				SWIFT_VERSION = 5.0;
			};
			name = Release;
		};
		4D9943310235547BAC115FA0 /* Release */ = {
			isa = XCBuildConfiguration;
			buildSettings = {
				ASSETCATALOG_COMPILER_APPICON_NAME = AppIcon;
				ASSETCATALOG_COMPILER_GLOBAL_ACCENT_COLOR_NAME = AccentColor;
				CODE_SIGN_IDENTITY = "iPhone Developer";
				INFOPLIST_FILE = ZumGriechen/Sources/Info.plist;
				LD_RUNPATH_SEARCH_PATHS = (
					"$(inherited)",
					"@executable_path/Frameworks",
				);
				PRODUCT_BUNDLE_IDENTIFIER = com.zumgriechen.app;
				SDKROOT = iphoneos;
				TARGETED_DEVICE_FAMILY = "1,2";
			};
			name = Release;
		};
		8DCB2A9AA5F75DAC9575D033 /* Debug */ = {
			isa = XCBuildConfiguration;
			buildSettings = {
				ASSETCATALOG_COMPILER_APPICON_NAME = AppIcon;
				ASSETCATALOG_COMPILER_GLOBAL_ACCENT_COLOR_NAME = AccentColor;
				CODE_SIGN_IDENTITY = "iPhone Developer";
				INFOPLIST_FILE = ZumGriechen/Sources/Info.plist;
				LD_RUNPATH_SEARCH_PATHS = (
					"$(inherited)",
					"@executable_path/Frameworks",
				);
				PRODUCT_BUNDLE_IDENTIFIER = com.zumgriechen.app;
				SDKROOT = iphoneos;
				TARGETED_DEVICE_FAMILY = "1,2";
			};
			name = Debug;
		};
		FB6248D6A3CEF8AD8E506DA2 /* Debug */ = {
			isa = XCBuildConfiguration;
			buildSettings = {
				ALWAYS_SEARCH_USER_PATHS = NO;
				CLANG_ANALYZER_NONNULL = YES;
				CLANG_ANALYZER_NUMBER_OBJECT_CONVERSION = YES_AGGRESSIVE;
				CLANG_CXX_LANGUAGE_STANDARD = "gnu++14";
				CLANG_CXX_LIBRARY = "libc++";
				CLANG_ENABLE_MODULES = YES;
				CLANG_ENABLE_OBJC_ARC = YES;
				CLANG_ENABLE_OBJC_WEAK = YES;
				CLANG_WARN_BLOCK_CAPTURE_AUTORELEASING = YES;
				CLANG_WARN_BOOL_CONVERSION = YES;
				CLANG_WARN_COMMA = YES;
				CLANG_WARN_CONSTANT_CONVERSION = YES;
				CLANG_WARN_DEPRECATED_OBJC_IMPLEMENTATIONS = YES;
				CLANG_WARN_DIRECT_OBJC_ISA_USAGE = YES_ERROR;
				CLANG_WARN_DOCUMENTATION_COMMENTS = YES;
				CLANG_WARN_EMPTY_BODY = YES;
				CLANG_WARN_ENUM_CONVERSION = YES;
				CLANG_WARN_INFINITE_RECURSION = YES;
				CLANG_WARN_INT_CONVERSION = YES;
				CLANG_WARN_NON_LITERAL_NULL_CONVERSION = YES;
				CLANG_WARN_OBJC_IMPLICIT_RETAIN_SELF = YES;
				CLANG_WARN_OBJC_LITERAL_CONVERSION = YES;
				CLANG_WARN_OBJC_ROOT_CLASS = YES_ERROR;
				CLANG_WARN_QUOTED_INCLUDE_IN_FRAMEWORK_HEADER = YES;
				CLANG_WARN_RANGE_LOOP_ANALYSIS = YES;
				CLANG_WARN_STRICT_PROTOTYPES = YES;
				CLANG_WARN_SUSPICIOUS_MOVE = YES;
				CLANG_WARN_UNGUARDED_AVAILABILITY = YES_AGGRESSIVE;
				CLANG_WARN_UNREACHABLE_CODE = YES;
				CLANG_WARN__DUPLICATE_METHOD_MATCH = YES;
				COPY_PHASE_STRIP = NO;
				DEBUG_INFORMATION_FORMAT = dwarf;
				DEVELOPMENT_LANGUAGE = de;
				ENABLE_STRICT_OBJC_MSGSEND = YES;
				ENABLE_TESTABILITY = YES;
				GCC_C_LANGUAGE_STANDARD = gnu11;
				GCC_DYNAMIC_NO_PIC = NO;
				GCC_NO_COMMON_BLOCKS = YES;
				GCC_OPTIMIZATION_LEVEL = 0;
				GCC_PREPROCESSOR_DEFINITIONS = (
					"$(inherited)",
					"DEBUG=1",
				);
				GCC_WARN_64_TO_32_BIT_CONVERSION = YES;
				GCC_WARN_ABOUT_RETURN_TYPE = YES_ERROR;
				GCC_WARN_UNDECLARED_SELECTOR = YES;
				GCC_WARN_UNINITIALIZED_AUTOS = YES_AGGRESSIVE;
				GCC_WARN_UNUSED_FUNCTION = YES;
				GCC_WARN_UNUSED_VARIABLE = YES;
				IPHONEOS_DEPLOYMENT_TARGET = 17.0;
				MTL_ENABLE_DEBUG_INFO = INCLUDE_SOURCE;
				MTL_FAST_MATH = YES;
				ONLY_ACTIVE_ARCH = YES;
				PRODUCT_NAME = "$(TARGET_NAME)";
				SDKROOT = iphoneos;
				SWIFT_ACTIVE_COMPILATION_CONDITIONS = DEBUG;
				SWIFT_OPTIMIZATION_LEVEL = "-Onone";
				SWIFT_VERSION = 5.0;
			};
			name = Debug;
		};
/* End XCBuildConfiguration section */

/* Begin XCConfigurationList section */
		11C1ED4E018D8F7C0A10B661 /* Build configuration list for PBXNativeTarget "ZumGriechen" */ = {
			isa = XCConfigurationList;
			buildConfigurations = (
				8DCB2A9AA5F75DAC9575D033 /* Debug */,
				4D9943310235547BAC115FA0 /* Release */,
			);
			defaultConfigurationIsVisible = 0;
			defaultConfigurationName = Debug;
		};
		57E979F781097A72A6392DFE /* Build configuration list for PBXProject "ZumGriechen" */ = {
			isa = XCConfigurationList;
			buildConfigurations = (
				FB6248D6A3CEF8AD8E506DA2 /* Debug */,
				3AC5DDDC48E043652734EF28 /* Release */,
			);
			defaultConfigurationIsVisible = 0;
			defaultConfigurationName = Debug;
		};
/* End XCConfigurationList section */
	};
	rootObject = 8B6E9B65EF70014F6ACB73D8 /* Project object */;
}
